
Microsoft Visual Studio Solution File, Format Version 12.00
# Visual Studio 15
Project("{FAE04EC0-301F-11D3-BF4B-00C04F79EFBC}") = "Test0731", "Assembly-CSharp.csproj", "{0CDCA7C0-CF99-7CA0-AE83-FB00989773F1}"
EndProject
Global
	GlobalSection(SolutionConfigurationPlatforms) = preSolution
		Debug|Any CPU = Debug|Any CPU
		Release|Any CPU = Release|Any CPU
	EndGlobalSection
	GlobalSection(ProjectConfigurationPlatforms) = postSolution
		{0CDCA7C0-CF99-7CA0-AE83-FB00989773F1}.Debug|Any CPU.ActiveCfg = Debug|Any CPU
		{0CDCA7C0-CF99-7CA0-AE83-FB00989773F1}.Debug|Any CPU.Build.0 = Debug|Any CPU
		{0CDCA7C0-CF99-7CA0-AE83-FB00989773F1}.Release|Any CPU.ActiveCfg = Release|Any CPU
		{0CDCA7C0-CF99-7CA0-AE83-FB00989773F1}.Release|Any CPU.Build.0 = Release|Any CPU
	EndGlobalSection
	GlobalSection(SolutionProperties) = preSolution
		HideSolutionNode = FALSE
	EndGlobalSection
EndGlobal
